{
  "name": "abacws-kg-tools",
  "lockfileVersion": 3,
  "requires": true,
  "packages": {
    "": {
      "name": "abacws-kg-tools",
      "dependencies": {
        "@mlightcad/libredwg-web": "^0.7.9"
      }
    },
    "node_modules/@mlightcad/libredwg-web": {
      "version": "0.7.9",
      "resolved": "https://registry.npmjs.org/@mlightcad/libredwg-web/-/libredwg-web-0.7.9.tgz",
      "integrity": "sha512-tqjx0eCiR0CNI3TyO3LVYzl4ptuzSFm7asGn/C1YiJaEk7Vneto+lRrVUco85qw+PZDihaFLwWqdYIEse1swbA==",
      "license": "GPL-3.0",
      "engines": {
        "node": ">=20"
      }
    }
  }
}
